// !$*UTF8*$!
{
	archiveVersion = 1;
	classes = {
	};
	objectVersion = 56;
	objects = {

/* Begin PBXBuildFile section */
		04A0CDBF2A69C9B700817623 /* YassirChallengeTaskApp.swift in Sources */ = {isa = PBXBuildFile; fileRef = 04A0CDBE2A69C9B700817623 /* YassirChallengeTaskApp.swift */; };
		04A0CDC12A69C9B700817623 /* ContentView.swift in Sources */ = {isa = PBXBuildFile; fileRef = 04A0CDC02A69C9B700817623 /* ContentView.swift */; };
		04A0CDC32A69C9BC00817623 /* Assets.xcassets in Resources */ = {isa = PBXBuildFile; fileRef = 04A0CDC22A69C9BC00817623 /* Assets.xcassets */; };
		04A0CDC62A69C9BC00817623 /* Preview Assets.xcassets in Resources */ = {isa = PBXBuildFile; fileRef = 04A0CDC52A69C9BC00817623 /* Preview Assets.xcassets */; };
		04A0CDD02A69C9BD00817623 /* YassirChallengeTaskTests.swift in Sources */ = {isa = PBXBuildFile; fileRef = 04A0CDCF2A69C9BD00817623 /* YassirChallengeTaskTests.swift */; };
/* End PBXBuildFile section */

/* Begin PBXContainerItemProxy section */
		04A0CDCC2A69C9BD00817623 /* PBXContainerItemProxy */ = {
			isa = PBXContainerItemProxy;
			containerPortal = 04A0CDB32A69C9B700817623 /* Project object */;
			proxyType = 1;
			remoteGlobalIDString = 04A0CDBA2A69C9B700817623;
			remoteInfo = YassirChallengeTask;
		};
		04A0CDD62A69C9BD00817623 /* PBXContainerItemProxy */ = {
			isa = PBXContainerItemProxy;
			containerPortal = 04A0CDB32A69C9B700817623 /* Project object */;
			proxyType = 1;
			remoteGlobalIDString = 04A0CDBA2A69C9B700817623;
			remoteInfo = YassirChallengeTask;
		};
/* End PBXContainerItemProxy section */

/* Begin PBXFileReference section */
		04A0CDBB2A69C9B700817623 /* YassirChallengeTask.app */ = {isa = PBXFileReference; explicitFileType = wrapper.application; includeInIndex = 0; path = YassirChallengeTask.app; sourceTree = BUILT_PRODUCTS_DIR; };
		04A0CDBE2A69C9B700817623 /* YassirChallengeTaskApp.swift */ = {isa = PBXFileReference; lastKnownFileType = sourcecode.swift; path = YassirChallengeTaskApp.swift; sourceTree = "<group>"; };
		04A0CDC02A69C9B700817623 /* ContentView.swift */ = {isa = PBXFileReference; lastKnownFileType = sourcecode.swift; path = ContentView.swift; sourceTree = "<group>"; };
		04A0CDC22A69C9BC00817623 /* Assets.xcassets */ = {isa = PBXFileReference; lastKnownFileType = folder.assetcatalog; path = Assets.xcassets; sourceTree = "<group>"; };
		04A0CDC52A69C9BC00817623 /* Preview Assets.xcassets */ = {isa = PBXFileReference; lastKnownFileType = folder.assetcatalog; path = "Preview Assets.xcassets"; sourceTree = "<group>"; };
		04A0CDCB2A69C9BD00817623 /* YassirChallengeTaskTests.xctest */ = {isa = PBXFileReference; explicitFileType = wrapper.cfbundle; includeInIndex = 0; path = YassirChallengeTaskTests.xctest; sourceTree = BUILT_PRODUCTS_DIR; };
		04A0CDCF2A69C9BD00817623 /* YassirChallengeTaskTests.swift */ = {isa = PBXFileReference; lastKnownFileType = sourcecode.swift; path = YassirChallengeTaskTests.swift; sourceTree = "<group>"; };
		04A0CDD52A69C9BD00817623 /* YassirChallengeTaskUITests.xctest */ = {isa = PBXFileReference; explicitFileType = wrapper.cfbundle; includeInIndex = 0; path = YassirChallengeTaskUITests.xctest; sourceTree = BUILT_PRODUCTS_DIR; };
/* End PBXFileReference section */

/* Begin PBXFrameworksBuildPhase section */
		04A0CDB82A69C9B700817623 /* Frameworks */ = {
			isa = PBXFrameworksBuildPhase;
			buildActionMask = 2147483647;
			files = (
			);
			runOnlyForDeploymentPostprocessing = 0;
		};
		04A0CDC82A69C9BD00817623 /* Frameworks */ = {
			isa = PBXFrameworksBuildPhase;
			buildActionMask = 2147483647;
			files = (
			);
			runOnlyForDeploymentPostprocessing = 0;
		};
		04A0CDD22A69C9BD00817623 /* Frameworks */ = {
			isa = PBXFrameworksBuildPhase;
			buildActionMask = 2147483647;
			files = (
			);
			runOnlyForDeploymentPostprocessing = 0;
		};
/* End PBXFrameworksBuildPhase section */

/* Begin PBXGroup section */
		04A0CDB22A69C9B700817623 = {
			isa = PBXGroup;
			children = (
				04A0CDBD2A69C9B700817623 /* YassirChallengeTask */,
				04A0CDCE2A69C9BD00817623 /* YassirChallengeTaskTests */,
				04A0CDBC2A69C9B700817623 /* Products */,
			);
			sourceTree = "<group>";
		};
		04A0CDBC2A69C9B700817623 /* Products */ = {
			isa = PBXGroup;
			children = (
				04A0CDBB2A69C9B700817623 /* YassirChallengeTask.app */,
				04A0CDCB2A69C9BD00817623 /* YassirChallengeTaskTests.xctest */,
				04A0CDD52A69C9BD00817623 /* YassirChallengeTaskUITests.xctest */,
			);
			name = Products;
			sourceTree = "<group>";
		};
		04A0CDBD2A69C9B700817623 /* YassirChallengeTask */ = {
			isa = PBXGroup;
			children = (
				04A0CDBE2A69C9B700817623 /* YassirChallengeTaskApp.swift */,
				04A0CDC02A69C9B700817623 /* ContentView.swift */,
				04A0CDC22A69C9BC00817623 /* Assets.xcassets */,
				04A0CDC42A69C9BC00817623 /* Preview Content */,
			);
			path = YassirChallengeTask;
			sourceTree = "<group>";
		};
		04A0CDC42A69C9BC00817623 /* Preview Content */ = {
			isa = PBXGroup;
			children = (
				04A0CDC52A69C9BC00817623 /* Preview Assets.xcassets */,
			);
			path = "Preview Content";
			sourceTree = "<group>";
		};
		04A0CDCE2A69C9BD00817623 /* YassirChallengeTaskTests */ = {
			isa = PBXGroup;
			children = (
				04A0CDCF2A69C9BD00817623 /* YassirChallengeTaskTests.swift */,
			);
			path = YassirChallengeTaskTests;
			sourceTree = "<group>";
		};
/* End PBXGroup section */

/* Begin PBXNativeTarget section */
		04A0CDBA2A69C9B700817623 /* YassirChallengeTask */ = {
			isa = PBXNativeTarget;
			buildConfigurationList = 04A0CDDF2A69C9BD00817623 /* Build configuration list for PBXNativeTarget "YassirChallengeTask" */;
			buildPhases = (
				04A0CDB72A69C9B700817623 /* Sources */,
				04A0CDB82A69C9B700817623 /* Frameworks */,
				04A0CDB92A69C9B700817623 /* Resources */,
			);
			buildRules = (
			);
			dependencies = (
			);
			name = YassirChallengeTask;
			productName = YassirChallengeTask;
			productReference = 04A0CDBB2A69C9B700817623 /* YassirChallengeTask.app */;
			productType = "com.apple.product-type.application";
		};
		04A0CDCA2A69C9BD00817623 /* YassirChallengeTaskTests */ = {
			isa = PBXNativeTarget;
			buildConfigurationList = 04A0CDE22A69C9BD00817623 /* Build configuration list for PBXNativeTarget "YassirChallengeTaskTests" */;
			buildPhases = (
				04A0CDC72A69C9BD00817623 /* Sources */,
				04A0CDC82A69C9BD00817623 /* Frameworks */,
				04A0CDC92A69C9BD00817623 /* Resources */,
			);
			buildRules = (
			);
			dependencies = (
				04A0CDCD2A69C9BD00817623 /* PBXTargetDependency */,
			);
			name = YassirChallengeTaskTests;
			productName = YassirChallengeTaskTests;
			productReference = 04A0CDCB2A69C9BD00817623 /* YassirChallengeTaskTests.xctest */;
			productType = "com.apple.product-type.bundle.unit-test";
		};
		04A0CDD42A69C9BD00817623 /* YassirChallengeTaskUITests */ = {
			isa = PBXNativeTarget;
			buildConfigurationList = 04A0CDE52A69C9BD00817623 /* Build configuration list for PBXNativeTarget "YassirChallengeTaskUITests" */;
			buildPhases = (
				04A0CDD12A69C9BD00817623 /* Sources */,
				04A0CDD22A69C9BD00817623 /* Frameworks */,
				04A0CDD32A69C9BD00817623 /* Resources */,
			);
			buildRules = (
			);
			dependencies = (
				04A0CDD72A69C9BD00817623 /* PBXTargetDependency */,
			);
			name = YassirChallengeTaskUITests;
			productName = YassirChallengeTaskUITests;
			productReference = 04A0CDD52A69C9BD00817623 /* YassirChallengeTaskUITests.xctest */;
			productType = "com.apple.product-type.bundle.ui-testing";
		};
/* End PBXNativeTarget section */

/* Begin PBXProject section */
		04A0CDB32A69C9B700817623 /* Project object */ = {
			isa = PBXProject;
			attributes = {
				BuildIndependentTargetsInParallel = 1;
				LastSwiftUpdateCheck = 1430;
				LastUpgradeCheck = 1430;
				TargetAttributes = {
					04A0CDBA2A69C9B700817623 = {
						CreatedOnToolsVersion = 14.3;
					};
					04A0CDCA2A69C9BD00817623 = {
						CreatedOnToolsVersion = 14.3;
						TestTargetID = 04A0CDBA2A69C9B700817623;
					};
					04A0CDD42A69C9BD00817623 = {
						CreatedOnToolsVersion = 14.3;
						TestTargetID = 04A0CDBA2A69C9B700817623;
					};
				};
			};
			buildConfigurationList = 04A0CDB62A69C9B700817623 /* Build configuration list for PBXProject "YassirChallengeTask" */;
			compatibilityVersion = "Xcode 14.0";
			developmentRegion = en;
			hasScannedForEncodings = 0;
			knownRegions = (
				en,
				Base,
			);
			mainGroup = 04A0CDB22A69C9B700817623;
			productRefGroup = 04A0CDBC2A69C9B700817623 /* Products */;
			projectDirPath = "";
			projectRoot = "";
			targets = (
				04A0CDBA2A69C9B700817623 /* YassirChallengeTask */,
				04A0CDCA2A69C9BD00817623 /* YassirChallengeTaskTests */,
				04A0CDD42A69C9BD00817623 /* YassirChallengeTaskUITests */,
			);
		};
/* End PBXProject section */

/* Begin PBXResourcesBuildPhase section */
		04A0CDB92A69C9B700817623 /* Resources */ = {
			isa = PBXResourcesBuildPhase;
			buildActionMask = 2147483647;
			files = (
				04A0CDC62A69C9BC00817623 /* Preview Assets.xcassets in Resources */,
				04A0CDC32A69C9BC00817623 /* Assets.xcassets in Resources */,
			);
			runOnlyForDeploymentPostprocessing = 0;
		};
		04A0CDC92A69C9BD00817623 /* Resources */ = {
			isa = PBXResourcesBuildPhase;
			buildActionMask = 2147483647;
			files = (
			);
			runOnlyForDeploymentPostprocessing = 0;
		};
		04A0CDD32A69C9BD00817623 /* Resources */ = {
			isa = PBXResourcesBuildPhase;
			buildActionMask = 2147483647;
			files = (
			);
			runOnlyForDeploymentPostprocessing = 0;
		};
/* End PBXResourcesBuildPhase section */

/* Begin PBXSourcesBuildPhase section */
		04A0CDB72A69C9B700817623 /* Sources */ = {
			isa = PBXSourcesBuildPhase;
			buildActionMask = 2147483647;
			files = (
				04A0CDC12A69C9B700817623 /* ContentView.swift in Sources */,
				04A0CDBF2A69C9B700817623 /* YassirChallengeTaskApp.swift in Sources */,
			);
			runOnlyForDeploymentPostprocessing = 0;
		};
		04A0CDC72A69C9BD00817623 /* Sources */ = {
			isa = PBXSourcesBuildPhase;
			buildActionMask = 2147483647;
			files = (
				04A0CDD02A69C9BD00817623 /* YassirChallengeTaskTests.swift in Sources */,
			);
			runOnlyForDeploymentPostprocessing = 0;
		};
		04A0CDD12A69C9BD00817623 /* Sources */ = {
			isa = PBXSourcesBuildPhase;
			buildActionMask = 2147483647;
			files = (
			);
			runOnlyForDeploymentPostprocessing = 0;
		};
/* End PBXSourcesBuildPhase section */

/* Begin PBXTargetDependency section */
		04A0CDCD2A69C9BD00817623 /* PBXTargetDependency */ = {
			isa = PBXTargetDependency;
			target = 04A0CDBA2A69C9B700817623 /* YassirChallengeTask */;
			targetProxy = 04A0CDCC2A69C9BD00817623 /* PBXContainerItemProxy */;
		};
		04A0CDD72A69C9BD00817623 /* PBXTargetDependency */ = {
			isa = PBXTargetDependency;
			target = 04A0CDBA2A69C9B700817623 /* YassirChallengeTask */;
			targetProxy = 04A0CDD62A69C9BD00817623 /* PBXContainerItemProxy */;
		};
/* End PBXTargetDependency section */

/* Begin XCBuildConfiguration section */
		04A0CDDD2A69C9BD00817623 /* Debug */ = {
			isa = XCBuildConfiguration;
			buildSettings = {
				ALWAYS_SEARCH_USER_PATHS = NO;
				CLANG_ANALYZER_NONNULL = YES;
				CLANG_ANALYZER_NUMBER_OBJECT_CONVERSION = YES_AGGRESSIVE;
				CLANG_CXX_LANGUAGE_STANDARD = "gnu++20";
				CLANG_ENABLE_MODULES = YES;
				CLANG_ENABLE_OBJC_ARC = YES;
				CLANG_ENABLE_OBJC_WEAK = YES;
				CLANG_WARN_BLOCK_CAPTURE_AUTORELEASING = YES;
				CLANG_WARN_BOOL_CONVERSION = YES;
				CLANG_WARN_COMMA = YES;
				CLANG_WARN_CONSTANT_CONVERSION = YES;
				CLANG_WARN_DEPRECATED_OBJC_IMPLEMENTATIONS = YES;
				CLANG_WARN_DIRECT_OBJC_ISA_USAGE = YES_ERROR;
				CLANG_WARN_DOCUMENTATION_COMMENTS = YES;
				CLANG_WARN_EMPTY_BODY = YES;
				CLANG_WARN_ENUM_CONVERSION = YES;
				CLANG_WARN_INFINITE_RECURSION = YES;
				CLANG_WARN_INT_CONVERSION = YES;
				CLANG_WARN_NON_LITERAL_NULL_CONVERSION = YES;
				CLANG_WARN_OBJC_IMPLICIT_RETAIN_SELF = YES;
				CLANG_WARN_OBJC_LITERAL_CONVERSION = YES;
				CLANG_WARN_OBJC_ROOT_CLASS = YES_ERROR;
				CLANG_WARN_QUOTED_INCLUDE_IN_FRAMEWORK_HEADER = YES;
				CLANG_WARN_RANGE_LOOP_ANALYSIS = YES;
				CLANG_WARN_STRICT_PROTOTYPES = YES;
				CLANG_WARN_SUSPICIOUS_MOVE = YES;
				CLANG_WARN_UNGUARDED_AVAILABILITY = YES_AGGRESSIVE;
				CLANG_WARN_UNREACHABLE_CODE = YES;
				CLANG_WARN__DUPLICATE_METHOD_MATCH = YES;
				COPY_PHASE_STRIP = NO;
				DEBUG_INFORMATION_FORMAT = dwarf;
				ENABLE_STRICT_OBJC_MSGSEND = YES;
				ENABLE_TESTABILITY = YES;
				GCC_C_LANGUAGE_STANDARD = gnu11;
				GCC_DYNAMIC_NO_PIC = NO;
				GCC_NO_COMMON_BLOCKS = YES;
				GCC_OPTIMIZATION_LEVEL = 0;
				GCC_PREPROCESSOR_DEFINITIONS = (
					"DEBUG=1",
					"$(inherited)",
				);
				GCC_WARN_64_TO_32_BIT_CONVERSION = YES;
				GCC_WARN_ABOUT_RETURN_TYPE = YES_ERROR;
				GCC_WARN_UNDECLARED_SELECTOR = YES;
				GCC_WARN_UNINITIALIZED_AUTOS = YES_AGGRESSIVE;
				GCC_WARN_UNUSED_FUNCTION = YES;
				GCC_WARN_UNUSED_VARIABLE = YES;
				IPHONEOS_DEPLOYMENT_TARGET = 16.4;
				MTL_ENABLE_DEBUG_INFO = INCLUDE_SOURCE;
				MTL_FAST_MATH = YES;
				ONLY_ACTIVE_ARCH = YES;
				SDKROOT = iphoneos;
				SWIFT_ACTIVE_COMPILATION_CONDITIONS = DEBUG;
				SWIFT_OPTIMIZATION_LEVEL = "-Onone";
			};
			name = Debug;
		};
		04A0CDDE2A69C9BD00817623 /* Release */ = {
			isa = XCBuildConfiguration;
			buildSettings = {
				ALWAYS_SEARCH_USER_PATHS = NO;
				CLANG_ANALYZER_NONNULL = YES;
				CLANG_ANALYZER_NUMBER_OBJECT_CONVERSION = YES_AGGRESSIVE;
				CLANG_CXX_LANGUAGE_STANDARD = "gnu++20";
				CLANG_ENABLE_MODULES = YES;
				CLANG_ENABLE_OBJC_ARC = YES;
				CLANG_ENABLE_OBJC_WEAK = YES;
				CLANG_WARN_BLOCK_CAPTURE_AUTORELEASING = YES;
				CLANG_WARN_BOOL_CONVERSION = YES;
				CLANG_WARN_COMMA = YES;
				CLANG_WARN_CONSTANT_CONVERSION = YES;
				CLANG_WARN_DEPRECATED_OBJC_IMPLEMENTATIONS = YES;
				CLANG_WARN_DIRECT_OBJC_ISA_USAGE = YES_ERROR;
				CLANG_WARN_DOCUMENTATION_COMMENTS = YES;
				CLANG_WARN_EMPTY_BODY = YES;
				CLANG_WARN_ENUM_CONVERSION = YES;
				CLANG_WARN_INFINITE_RECURSION = YES;
				CLANG_WARN_INT_CONVERSION = YES;
				CLANG_WARN_NON_LITERAL_NULL_CONVERSION = YES;
				CLANG_WARN_OBJC_IMPLICIT_RETAIN_SELF = YES;
				CLANG_WARN_OBJC_LITERAL_CONVERSION = YES;
				CLANG_WARN_OBJC_ROOT_CLASS = YES_ERROR;
				CLANG_WARN_QUOTED_INCLUDE_IN_FRAMEWORK_HEADER = YES;
				CLANG_WARN_RANGE_LOOP_ANALYSIS = YES;
				CLANG_WARN_STRICT_PROTOTYPES = YES;
				CLANG_WARN_SUSPICIOUS_MOVE = YES;
				CLANG_WARN_UNGUARDED_AVAILABILITY = YES_AGGRESSIVE;
				CLANG_WARN_UNREACHABLE_CODE = YES;
				CLANG_WARN__DUPLICATE_METHOD_MATCH = YES;
				COPY_PHASE_STRIP = NO;
				DEBUG_INFORMATION_FORMAT = "dwarf-with-dsym";
				ENABLE_NS_ASSERTIONS = NO;
				ENABLE_STRICT_OBJC_MSGSEND = YES;
				GCC_C_LANGUAGE_STANDARD = gnu11;
				GCC_NO_COMMON_BLOCKS = YES;
				GCC_WARN_64_TO_32_BIT_CONVERSION = YES;
				GCC_WARN_ABOUT_RETURN_TYPE = YES_ERROR;
				GCC_WARN_UNDECLARED_SELECTOR = YES;
				GCC_WARN_UNINITIALIZED_AUTOS = YES_AGGRESSIVE;
				GCC_WARN_UNUSED_FUNCTION = YES;
				GCC_WARN_UNUSED_VARIABLE = YES;
				IPHONEOS_DEPLOYMENT_TARGET = 16.4;
				MTL_ENABLE_DEBUG_INFO = NO;
				MTL_FAST_MATH = YES;
				SDKROOT = iphoneos;
				SWIFT_COMPILATION_MODE = wholemodule;
				SWIFT_OPTIMIZATION_LEVEL = "-O";
				VALIDATE_PRODUCT = YES;
			};
			name = Release;
		};
		04A0CDE02A69C9BD00817623 /* Debug */ = {
			isa = XCBuildConfiguration;
			buildSettings = {
				ASSETCATALOG_COMPILER_APPICON_NAME = AppIcon;
				ASSETCATALOG_COMPILER_GLOBAL_ACCENT_COLOR_NAME = AccentColor;
				CODE_SIGN_STYLE = Automatic;
				CURRENT_PROJECT_VERSION = 1;
				DEVELOPMENT_ASSET_PATHS = "\"YassirChallengeTask/Preview Content\"";
				ENABLE_PREVIEWS = YES;
				GENERATE_INFOPLIST_FILE = YES;
				INFOPLIST_KEY_UIApplicationSceneManifest_Generation = YES;
				INFOPLIST_KEY_UIApplicationSupportsIndirectInputEvents = YES;
				INFOPLIST_KEY_UILaunchScreen_Generation = YES;
				INFOPLIST_KEY_UISupportedInterfaceOrientations_iPad = "UIInterfaceOrientationPortrait UIInterfaceOrientationPortraitUpsideDown UIInterfaceOrientationLandscapeLeft UIInterfaceOrientationLandscapeRight";
				INFOPLIST_KEY_UISupportedInterfaceOrientations_iPhone = "UIInterfaceOrientationPortrait UIInterfaceOrientationLandscapeLeft UIInterfaceOrientationLandscapeRight";
				LD_RUNPATH_SEARCH_PATHS = (
					"$(inherited)",
					"@executable_path/Frameworks",
				);
				MARKETING_VERSION = 1.0;
				PRODUCT_BUNDLE_IDENTIFIER = com.mac.YassirChallengeTask;
				PRODUCT_NAME = "$(TARGET_NAME)";
				SWIFT_EMIT_LOC_STRINGS = YES;
				SWIFT_VERSION = 5.0;
				TARGETED_DEVICE_FAMILY = "1,2";
			};
			name = Debug;
		};
		04A0CDE12A69C9BD00817623 /* Release */ = {
			isa = XCBuildConfiguration;
			buildSettings = {
				ASSETCATALOG_COMPILER_APPICON_NAME = AppIcon;
				ASSETCATALOG_COMPILER_GLOBAL_ACCENT_COLOR_NAME = AccentColor;
				CODE_SIGN_STYLE = Automatic;
				CURRENT_PROJECT_VERSION = 1;
				DEVELOPMENT_ASSET_PATHS = "\"YassirChallengeTask/Preview Content\"";
				ENABLE_PREVIEWS = YES;
				GENERATE_INFOPLIST_FILE = YES;
				INFOPLIST_KEY_UIApplicationSceneManifest_Generation = YES;
				INFOPLIST_KEY_UIApplicationSupportsIndirectInputEvents = YES;
				INFOPLIST_KEY_UILaunchScreen_Generation = YES;
				INFOPLIST_KEY_UISupportedInterfaceOrientations_iPad = "UIInterfaceOrientationPortrait UIInterfaceOrientationPortraitUpsideDown UIInterfaceOrientationLandscapeLeft UIInterfaceOrientationLandscapeRight";
				INFOPLIST_KEY_UISupportedInterfaceOrientations_iPhone = "UIInterfaceOrientationPortrait UIInterfaceOrientationLandscapeLeft UIInterfaceOrientationLandscapeRight";
				LD_RUNPATH_SEARCH_PATHS = (
					"$(inherited)",
					"@executable_path/Frameworks",
				);
				MARKETING_VERSION = 1.0;
				PRODUCT_BUNDLE_IDENTIFIER = com.mac.YassirChallengeTask;
				PRODUCT_NAME = "$(TARGET_NAME)";
				SWIFT_EMIT_LOC_STRINGS = YES;
				SWIFT_VERSION = 5.0;
				TARGETED_DEVICE_FAMILY = "1,2";
			};
			name = Release;
		};
		04A0CDE32A69C9BD00817623 /* Debug */ = {
			isa = XCBuildConfiguration;
			buildSettings = {
				ALWAYS_EMBED_SWIFT_STANDARD_LIBRARIES = YES;
				BUNDLE_LOADER = "$(TEST_HOST)";
				CODE_SIGN_STYLE = Automatic;
				CURRENT_PROJECT_VERSION = 1;
				GENERATE_INFOPLIST_FILE = YES;
				IPHONEOS_DEPLOYMENT_TARGET = 16.4;
				MARKETING_VERSION = 1.0;
				PRODUCT_BUNDLE_IDENTIFIER = com.mac.YassirChallengeTaskTests;
				PRODUCT_NAME = "$(TARGET_NAME)";
				SWIFT_EMIT_LOC_STRINGS = NO;
				SWIFT_VERSION = 5.0;
				TARGETED_DEVICE_FAMILY = "1,2";
				TEST_HOST = "$(BUILT_PRODUCTS_DIR)/YassirChallengeTask.app/$(BUNDLE_EXECUTABLE_FOLDER_PATH)/YassirChallengeTask";
			};
			name = Debug;
		};
		04A0CDE42A69C9BD00817623 /* Release */ = {
			isa = XCBuildConfiguration;
			buildSettings = {
				ALWAYS_EMBED_SWIFT_STANDARD_LIBRARIES = YES;
				BUNDLE_LOADER = "$(TEST_HOST)";
				CODE_SIGN_STYLE = Automatic;
				CURRENT_PROJECT_VERSION = 1;
				GENERATE_INFOPLIST_FILE = YES;
				IPHONEOS_DEPLOYMENT_TARGET = 16.4;
				MARKETING_VERSION = 1.0;
				PRODUCT_BUNDLE_IDENTIFIER = com.mac.YassirChallengeTaskTests;
				PRODUCT_NAME = "$(TARGET_NAME)";
				SWIFT_EMIT_LOC_STRINGS = NO;
				SWIFT_VERSION = 5.0;
				TARGETED_DEVICE_FAMILY = "1,2";
				TEST_HOST = "$(BUILT_PRODUCTS_DIR)/YassirChallengeTask.app/$(BUNDLE_EXECUTABLE_FOLDER_PATH)/YassirChallengeTask";
			};
			name = Release;
		};
		04A0CDE62A69C9BD00817623 /* Debug */ = {
			isa = XCBuildConfiguration;
			buildSettings = {
				ALWAYS_EMBED_SWIFT_STANDARD_LIBRARIES = YES;
				CODE_SIGN_STYLE = Automatic;
				CURRENT_PROJECT_VERSION = 1;
				GENERATE_INFOPLIST_FILE = YES;
				MARKETING_VERSION = 1.0;
				PRODUCT_BUNDLE_IDENTIFIER = com.mac.YassirChallengeTaskUITests;
				PRODUCT_NAME = "$(TARGET_NAME)";
				SWIFT_EMIT_LOC_STRINGS = NO;
				SWIFT_VERSION = 5.0;
				TARGETED_DEVICE_FAMILY = "1,2";
				TEST_TARGET_NAME = YassirChallengeTask;
			};
			name = Debug;
		};
		04A0CDE72A69C9BD00817623 /* Release */ = {
			isa = XCBuildConfiguration;
			buildSettings = {
				ALWAYS_EMBED_SWIFT_STANDARD_LIBRARIES = YES;
				CODE_SIGN_STYLE = Automatic;
				CURRENT_PROJECT_VERSION = 1;
				GENERATE_INFOPLIST_FILE = YES;
				MARKETING_VERSION = 1.0;
				PRODUCT_BUNDLE_IDENTIFIER = com.mac.YassirChallengeTaskUITests;
				PRODUCT_NAME = "$(TARGET_NAME)";
				SWIFT_EMIT_LOC_STRINGS = NO;
				SWIFT_VERSION = 5.0;
				TARGETED_DEVICE_FAMILY = "1,2";
				TEST_TARGET_NAME = YassirChallengeTask;
			};
			name = Release;
		};
/* End XCBuildConfiguration section */

/* Begin XCConfigurationList section */
		04A0CDB62A69C9B700817623 /* Build configuration list for PBXProject "YassirChallengeTask" */ = {
			isa = XCConfigurationList;
			buildConfigurations = (
				04A0CDDD2A69C9BD00817623 /* Debug */,
				04A0CDDE2A69C9BD00817623 /* Release */,
			);
			defaultConfigurationIsVisible = 0;
			defaultConfigurationName = Release;
		};
		04A0CDDF2A69C9BD00817623 /* Build configuration list for PBXNativeTarget "YassirChallengeTask" */ = {
			isa = XCConfigurationList;
			buildConfigurations = (
				04A0CDE02A69C9BD00817623 /* Debug */,
				04A0CDE12A69C9BD00817623 /* Release */,
			);
			defaultConfigurationIsVisible = 0;
			defaultConfigurationName = Release;
		};
		04A0CDE22A69C9BD00817623 /* Build configuration list for PBXNativeTarget "YassirChallengeTaskTests" */ = {
			isa = XCConfigurationList;
			buildConfigurations = (
				04A0CDE32A69C9BD00817623 /* Debug */,
				04A0CDE42A69C9BD00817623 /* Release */,
			);
			defaultConfigurationIsVisible = 0;
			defaultConfigurationName = Release;
		};
		04A0CDE52A69C9BD00817623 /* Build configuration list for PBXNativeTarget "YassirChallengeTaskUITests" */ = {
			isa = XCConfigurationList;
			buildConfigurations = (
				04A0CDE62A69C9BD00817623 /* Debug */,
				04A0CDE72A69C9BD00817623 /* Release */,
			);
			defaultConfigurationIsVisible = 0;
			defaultConfigurationName = Release;
		};
/* End XCConfigurationList section */
	};
	rootObject = 04A0CDB32A69C9B700817623 /* Project object */;
}
